
Microsoft Visual Studio Solution File, Format Version 12.00
# Visual Studio Version 17
VisualStudioVersion = 17.14.36121.58 d17.14
MinimumVisualStudioVersion = 10.0.40219.1
Project("{FAE04EC0-301F-11D3-BF4B-00C04F79EFBC}") = "TP3_Juegos_De_Azar", "TP3_Juegos_De_Azar.csproj", "{E8BB390E-34BE-4EF6-957A-BAB8C51F1D77}"
EndProject
Global
	GlobalSection(SolutionConfigurationPlatforms) = preSolution
		Debug|Any CPU = Debug|Any CPU
		Release|Any CPU = Release|Any CPU
	EndGlobalSection
	GlobalSection(ProjectConfigurationPlatforms) = postSolution
		{E8BB390E-34BE-4EF6-957A-BAB8C51F1D77}.Debug|Any CPU.ActiveCfg = Debug|Any CPU
		{E8BB390E-34BE-4EF6-957A-BAB8C51F1D77}.Debug|Any CPU.Build.0 = Debug|Any CPU
		{E8BB390E-34BE-4EF6-957A-BAB8C51F1D77}.Release|Any CPU.ActiveCfg = Release|Any CPU
		{E8BB390E-34BE-4EF6-957A-BAB8C51F1D77}.Release|Any CPU.Build.0 = Release|Any CPU
	EndGlobalSection
	GlobalSection(SolutionProperties) = preSolution
		HideSolutionNode = FALSE
	EndGlobalSection
	GlobalSection(ExtensibilityGlobals) = postSolution
		SolutionGuid = {CFD6B1C4-9425-45C8-B5A7-C2EF7449FC54}
	EndGlobalSection
EndGlobal
